
Microsoft Visual Studio Solution File, Format Version 12.00
# Visual Studio 15
VisualStudioVersion = 15.0.27428.2005
MinimumVisualStudioVersion = 10.0.40219.1
Project("{FAE04EC0-301F-11D3-BF4B-00C04F79EFBC}") = "Enhancer", "Enhancer\Enhancer.csproj", "{19F16EBD-2B97-4098-886A-0D07DAF22969}"
EndProject
Project("{2150E333-8FDC-42A3-9474-1A3956D46DE8}") = "Solution Items", "Solution Items", "{3D795EC9-F901-44EC-9462-C7FEF1FED9F6}"
	ProjectSection(SolutionItems) = preProject
		Enhancer.NET.sln.licenseheader = Enhancer.NET.sln.licenseheader
		Enhancer.NET.vsmdi = Enhancer.NET.vsmdi
		Local.testsettings = Local.testsettings
		ProductVersion.t4 = ProductVersion.t4
		README.md = README.md
		TraceAndTestImpact.testsettings = TraceAndTestImpact.testsettings
	EndProjectSection
EndProject
Project("{FAE04EC0-301F-11D3-BF4B-00C04F79EFBC}") = "EnhancerTest", "EnhancerTest\EnhancerTest.csproj", "{8D1957EB-153A-4B20-AEF7-7BD62B5CA6C3}"
EndProject
Project("{FAE04EC0-301F-11D3-BF4B-00C04F79EFBC}") = "Enhancer.SemVer", "Enhancer.SemVer\Enhancer.SemVer.csproj", "{A375D80D-5D09-4292-98EF-EFE27BC3B56A}"
EndProject
Project("{FAE04EC0-301F-11D3-BF4B-00C04F79EFBC}") = "Enhancer.SemVer.Test", "Enhancer.SemVer.Test\Enhancer.SemVer.Test.csproj", "{8EDF4429-251A-416D-BB68-93F227191BCF}"
EndProject
Project("{FAE04EC0-301F-11D3-BF4B-00C04F79EFBC}") = "Enhancer.Collections", "Enhancer.Collections\Enhancer.Collections.csproj", "{7E8EFBEB-A62D-4ADD-A4D8-70E34923CFBB}"
EndProject
Project("{FAE04EC0-301F-11D3-BF4B-00C04F79EFBC}") = "Enhancer.Extensions", "Enhancer.Extensions\Enhancer.Extensions.csproj", "{1E51746C-4CC9-4A16-8C84-0C53488E6A4F}"
EndProject
Project("{FAE04EC0-301F-11D3-BF4B-00C04F79EFBC}") = "Enhancer.Collections.Test", "Enhancer.Collections.Test\Enhancer.Collections.Test.csproj", "{CDAC5E0E-6906-44F4-8D43-DC0A070EE649}"
EndProject
Project("{FAE04EC0-301F-11D3-BF4B-00C04F79EFBC}") = "Enhancer.NativeBridge", "Enhancer.NativeBridge\Enhancer.NativeBridge.csproj", "{8D8644C1-0435-4D9F-9293-CE89E167ABEC}"
EndProject
Project("{FAE04EC0-301F-11D3-BF4B-00C04F79EFBC}") = "Enhancer.Extensions.Test", "Enhancer.Extensions.Test\Enhancer.Extensions.Test.csproj", "{ACF6921E-3F3A-400E-8138-2FF41C4E576E}"
EndProject
Global
	GlobalSection(SolutionConfigurationPlatforms) = preSolution
		Debug|Any CPU = Debug|Any CPU
		Release|Any CPU = Release|Any CPU
	EndGlobalSection
	GlobalSection(ProjectConfigurationPlatforms) = postSolution
		{19F16EBD-2B97-4098-886A-0D07DAF22969}.Debug|Any CPU.ActiveCfg = Debug|Any CPU
		{19F16EBD-2B97-4098-886A-0D07DAF22969}.Release|Any CPU.ActiveCfg = Release|Any CPU
		{8D1957EB-153A-4B20-AEF7-7BD62B5CA6C3}.Debug|Any CPU.ActiveCfg = Debug|Any CPU
		{8D1957EB-153A-4B20-AEF7-7BD62B5CA6C3}.Release|Any CPU.ActiveCfg = Release|Any CPU
		{A375D80D-5D09-4292-98EF-EFE27BC3B56A}.Debug|Any CPU.ActiveCfg = Debug|Any CPU
		{A375D80D-5D09-4292-98EF-EFE27BC3B56A}.Debug|Any CPU.Build.0 = Debug|Any CPU
		{A375D80D-5D09-4292-98EF-EFE27BC3B56A}.Release|Any CPU.ActiveCfg = Release|Any CPU
		{A375D80D-5D09-4292-98EF-EFE27BC3B56A}.Release|Any CPU.Build.0 = Release|Any CPU
		{8EDF4429-251A-416D-BB68-93F227191BCF}.Debug|Any CPU.ActiveCfg = Debug|Any CPU
		{8EDF4429-251A-416D-BB68-93F227191BCF}.Debug|Any CPU.Build.0 = Debug|Any CPU
		{8EDF4429-251A-416D-BB68-93F227191BCF}.Release|Any CPU.ActiveCfg = Release|Any CPU
		{8EDF4429-251A-416D-BB68-93F227191BCF}.Release|Any CPU.Build.0 = Release|Any CPU
		{7E8EFBEB-A62D-4ADD-A4D8-70E34923CFBB}.Debug|Any CPU.ActiveCfg = Debug|Any CPU
		{7E8EFBEB-A62D-4ADD-A4D8-70E34923CFBB}.Debug|Any CPU.Build.0 = Debug|Any CPU
		{7E8EFBEB-A62D-4ADD-A4D8-70E34923CFBB}.Release|Any CPU.ActiveCfg = Release|Any CPU
		{7E8EFBEB-A62D-4ADD-A4D8-70E34923CFBB}.Release|Any CPU.Build.0 = Release|Any CPU
		{1E51746C-4CC9-4A16-8C84-0C53488E6A4F}.Debug|Any CPU.ActiveCfg = Debug|Any CPU
		{1E51746C-4CC9-4A16-8C84-0C53488E6A4F}.Debug|Any CPU.Build.0 = Debug|Any CPU
		{1E51746C-4CC9-4A16-8C84-0C53488E6A4F}.Release|Any CPU.ActiveCfg = Release|Any CPU
		{1E51746C-4CC9-4A16-8C84-0C53488E6A4F}.Release|Any CPU.Build.0 = Release|Any CPU
		{CDAC5E0E-6906-44F4-8D43-DC0A070EE649}.Debug|Any CPU.ActiveCfg = Debug|Any CPU
		{CDAC5E0E-6906-44F4-8D43-DC0A070EE649}.Debug|Any CPU.Build.0 = Debug|Any CPU
		{CDAC5E0E-6906-44F4-8D43-DC0A070EE649}.Release|Any CPU.ActiveCfg = Release|Any CPU
		{CDAC5E0E-6906-44F4-8D43-DC0A070EE649}.Release|Any CPU.Build.0 = Release|Any CPU
		{8D8644C1-0435-4D9F-9293-CE89E167ABEC}.Debug|Any CPU.ActiveCfg = Debug|Any CPU
		{8D8644C1-0435-4D9F-9293-CE89E167ABEC}.Debug|Any CPU.Build.0 = Debug|Any CPU
		{8D8644C1-0435-4D9F-9293-CE89E167ABEC}.Release|Any CPU.ActiveCfg = Release|Any CPU
		{8D8644C1-0435-4D9F-9293-CE89E167ABEC}.Release|Any CPU.Build.0 = Release|Any CPU
		{ACF6921E-3F3A-400E-8138-2FF41C4E576E}.Debug|Any CPU.ActiveCfg = Debug|Any CPU
		{ACF6921E-3F3A-400E-8138-2FF41C4E576E}.Debug|Any CPU.Build.0 = Debug|Any CPU
		{ACF6921E-3F3A-400E-8138-2FF41C4E576E}.Release|Any CPU.ActiveCfg = Release|Any CPU
		{ACF6921E-3F3A-400E-8138-2FF41C4E576E}.Release|Any CPU.Build.0 = Release|Any CPU
	EndGlobalSection
	GlobalSection(SolutionProperties) = preSolution
		HideSolutionNode = FALSE
	EndGlobalSection
	GlobalSection(ExtensibilityGlobals) = postSolution
		SolutionGuid = {C6CC3681-DB48-4092-A2D9-F486CBB88E4C}
	EndGlobalSection
	GlobalSection(TestCaseManagementSettings) = postSolution
		CategoryFile = Enhancer.NET.vsmdi
	EndGlobalSection
EndGlobal
